{
  "dependencies": {
    "windmill-client": "latest"
  }
}
//bun.lock
{
  "lockfileVersion": 1,
  "configVersion": 1,
  "workspaces": {
    "": {
      "dependencies": {
        "windmill-client": "latest",
      },
    },
  },
  "packages": {
    "windmill-client": ["windmill-client@1.685.0", "", {}, "sha512-9FJq+j7oSgAPmGFBPM37CztYWU7aPP2G4GIAy/nvJmd43hzCnvV1jhFooCmV91q/0n4iStfbP8E+bGPrJB822w=="],
  }
}
